
Microsoft Visual Studio Solution File, Format Version 12.00
# Visual Studio 14
VisualStudioVersion = 14.0.25420.1
MinimumVisualStudioVersion = 10.0.40219.1
Project("{FAE04EC0-301F-11D3-BF4B-00C04F79EFBC}") = "SaludArTE", "SaludArTE\SaludArTE.csproj", "{8FED2B31-97BE-4B97-81B4-A91FF224EB77}"
EndProject
Project("{FAE04EC0-301F-11D3-BF4B-00C04F79EFBC}") = "SaludArTE.Entities", "SaludArTE.Entities\SaludArTE.Entities.csproj", "{84AEE76A-2434-43ED-B7ED-D16B451FE3BE}"
EndProject
Project("{FAE04EC0-301F-11D3-BF4B-00C04F79EFBC}") = "SaludArTE.Data", "SaludArTE.Data\SaludArTE.Data.csproj", "{432F6740-AE5C-4414-ADC5-8B129DF82A37}"
EndProject
Global
	GlobalSection(SolutionConfigurationPlatforms) = preSolution
		Debug|Any CPU = Debug|Any CPU
		Release|Any CPU = Release|Any CPU
	EndGlobalSection
	GlobalSection(ProjectConfigurationPlatforms) = postSolution
		{8FED2B31-97BE-4B97-81B4-A91FF224EB77}.Debug|Any CPU.ActiveCfg = Debug|Any CPU
		{8FED2B31-97BE-4B97-81B4-A91FF224EB77}.Debug|Any CPU.Build.0 = Debug|Any CPU
		{8FED2B31-97BE-4B97-81B4-A91FF224EB77}.Release|Any CPU.ActiveCfg = Release|Any CPU
		{8FED2B31-97BE-4B97-81B4-A91FF224EB77}.Release|Any CPU.Build.0 = Release|Any CPU
		{84AEE76A-2434-43ED-B7ED-D16B451FE3BE}.Debug|Any CPU.ActiveCfg = Debug|Any CPU
		{84AEE76A-2434-43ED-B7ED-D16B451FE3BE}.Debug|Any CPU.Build.0 = Debug|Any CPU
		{84AEE76A-2434-43ED-B7ED-D16B451FE3BE}.Release|Any CPU.ActiveCfg = Release|Any CPU
		{84AEE76A-2434-43ED-B7ED-D16B451FE3BE}.Release|Any CPU.Build.0 = Release|Any CPU
		{432F6740-AE5C-4414-ADC5-8B129DF82A37}.Debug|Any CPU.ActiveCfg = Debug|Any CPU
		{432F6740-AE5C-4414-ADC5-8B129DF82A37}.Debug|Any CPU.Build.0 = Debug|Any CPU
		{432F6740-AE5C-4414-ADC5-8B129DF82A37}.Release|Any CPU.ActiveCfg = Release|Any CPU
		{432F6740-AE5C-4414-ADC5-8B129DF82A37}.Release|Any CPU.Build.0 = Release|Any CPU
	EndGlobalSection
	GlobalSection(SolutionProperties) = preSolution
		HideSolutionNode = FALSE
	EndGlobalSection
EndGlobal
